// !$*UTF8*$!
{
	archiveVersion = 1;
	classes = {
	};
	objectVersion = 55;
	objects = {

/* Begin PBXBuildFile section */
		46857C3527948B04000394A7 /* FriendCellPrototypeView.swift in Sources */ = {isa = PBXBuildFile; fileRef = 46857C3427948B04000394A7 /* FriendCellPrototypeView.swift */; };
		46857C372794993D000394A7 /* GroupsCellPrototypeView.swift in Sources */ = {isa = PBXBuildFile; fileRef = 46857C362794993C000394A7 /* GroupsCellPrototypeView.swift */; };
		46857C3B2794A2EA000394A7 /* CircleImageShadow.swift in Sources */ = {isa = PBXBuildFile; fileRef = 46857C3A2794A2EA000394A7 /* CircleImageShadow.swift */; };
		46B2F7AE2789AA1F00F9CD59 /* VK_Application_SwiftUIApp.swift in Sources */ = {isa = PBXBuildFile; fileRef = 46B2F7AD2789AA1F00F9CD59 /* VK_Application_SwiftUIApp.swift */; };
		46B2F7B02789AA1F00F9CD59 /* LoginView.swift in Sources */ = {isa = PBXBuildFile; fileRef = 46B2F7AF2789AA1F00F9CD59 /* LoginView.swift */; };
		46B2F7B22789AA2100F9CD59 /* Assets.xcassets in Resources */ = {isa = PBXBuildFile; fileRef = 46B2F7B12789AA2100F9CD59 /* Assets.xcassets */; };
		46B2F7B52789AA2100F9CD59 /* Preview Assets.xcassets in Resources */ = {isa = PBXBuildFile; fileRef = 46B2F7B42789AA2100F9CD59 /* Preview Assets.xcassets */; };
/* End PBXBuildFile section */

/* Begin PBXFileReference section */
		46857C3427948B04000394A7 /* FriendCellPrototypeView.swift */ = {isa = PBXFileReference; lastKnownFileType = sourcecode.swift; path = FriendCellPrototypeView.swift; sourceTree = "<group>"; };
		46857C362794993C000394A7 /* GroupsCellPrototypeView.swift */ = {isa = PBXFileReference; lastKnownFileType = sourcecode.swift; path = GroupsCellPrototypeView.swift; sourceTree = "<group>"; };
		46857C3A2794A2EA000394A7 /* CircleImageShadow.swift */ = {isa = PBXFileReference; lastKnownFileType = sourcecode.swift; path = CircleImageShadow.swift; sourceTree = "<group>"; };
		46B2F7AA2789AA1F00F9CD59 /* VK_Application_SwiftUI.app */ = {isa = PBXFileReference; explicitFileType = wrapper.application; includeInIndex = 0; path = VK_Application_SwiftUI.app; sourceTree = BUILT_PRODUCTS_DIR; };
		46B2F7AD2789AA1F00F9CD59 /* VK_Application_SwiftUIApp.swift */ = {isa = PBXFileReference; lastKnownFileType = sourcecode.swift; path = VK_Application_SwiftUIApp.swift; sourceTree = "<group>"; };
		46B2F7AF2789AA1F00F9CD59 /* LoginView.swift */ = {isa = PBXFileReference; lastKnownFileType = sourcecode.swift; path = LoginView.swift; sourceTree = "<group>"; };
		46B2F7B12789AA2100F9CD59 /* Assets.xcassets */ = {isa = PBXFileReference; lastKnownFileType = folder.assetcatalog; path = Assets.xcassets; sourceTree = "<group>"; };
		46B2F7B42789AA2100F9CD59 /* Preview Assets.xcassets */ = {isa = PBXFileReference; lastKnownFileType = folder.assetcatalog; path = "Preview Assets.xcassets"; sourceTree = "<group>"; };
/* End PBXFileReference section */

/* Begin PBXFrameworksBuildPhase section */
		46B2F7A72789AA1F00F9CD59 /* Frameworks */ = {
			isa = PBXFrameworksBuildPhase;
			buildActionMask = 2147483647;
			files = (
			);
			runOnlyForDeploymentPostprocessing = 0;
		};
/* End PBXFrameworksBuildPhase section */

/* Begin PBXGroup section */
		46857C3827949950000394A7 /* PrototypeCell */ = {
			isa = PBXGroup;
			children = (
				46857C362794993C000394A7 /* GroupsCellPrototypeView.swift */,
				46857C3427948B04000394A7 /* FriendCellPrototypeView.swift */,
			);
			path = PrototypeCell;
			sourceTree = "<group>";
		};
		46857C392794A2BD000394A7 /* CustomModifiers */ = {
			isa = PBXGroup;
			children = (
				46857C3A2794A2EA000394A7 /* CircleImageShadow.swift */,
			);
			path = CustomModifiers;
			sourceTree = "<group>";
		};
		46857C3C2794AA4F000394A7 /* Presentation */ = {
			isa = PBXGroup;
			children = (
				46857C3827949950000394A7 /* PrototypeCell */,
				46B2F7AF2789AA1F00F9CD59 /* LoginView.swift */,
			);
			path = Presentation;
			sourceTree = "<group>";
		};
		46B2F7A12789AA1F00F9CD59 = {
			isa = PBXGroup;
			children = (
				46B2F7AC2789AA1F00F9CD59 /* VK_Application_SwiftUI */,
				46B2F7AB2789AA1F00F9CD59 /* Products */,
			);
			sourceTree = "<group>";
		};
		46B2F7AB2789AA1F00F9CD59 /* Products */ = {
			isa = PBXGroup;
			children = (
				46B2F7AA2789AA1F00F9CD59 /* VK_Application_SwiftUI.app */,
			);
			name = Products;
			sourceTree = "<group>";
		};
		46B2F7AC2789AA1F00F9CD59 /* VK_Application_SwiftUI */ = {
			isa = PBXGroup;
			children = (
				46857C392794A2BD000394A7 /* CustomModifiers */,
				46857C3C2794AA4F000394A7 /* Presentation */,
				46B2F7AD2789AA1F00F9CD59 /* VK_Application_SwiftUIApp.swift */,
				46B2F7B12789AA2100F9CD59 /* Assets.xcassets */,
				46B2F7B32789AA2100F9CD59 /* Preview Content */,
			);
			path = VK_Application_SwiftUI;
			sourceTree = "<group>";
		};
		46B2F7B32789AA2100F9CD59 /* Preview Content */ = {
			isa = PBXGroup;
			children = (
				46B2F7B42789AA2100F9CD59 /* Preview Assets.xcassets */,
			);
			path = "Preview Content";
			sourceTree = "<group>";
		};
/* End PBXGroup section */

/* Begin PBXNativeTarget section */
		46B2F7A92789AA1F00F9CD59 /* VK_Application_SwiftUI */ = {
			isa = PBXNativeTarget;
			buildConfigurationList = 46B2F7B82789AA2100F9CD59 /* Build configuration list for PBXNativeTarget "VK_Application_SwiftUI" */;
			buildPhases = (
				46B2F7A62789AA1F00F9CD59 /* Sources */,
				46B2F7A72789AA1F00F9CD59 /* Frameworks */,
				46B2F7A82789AA1F00F9CD59 /* Resources */,
			);
			buildRules = (
			);
			dependencies = (
			);
			name = VK_Application_SwiftUI;
			productName = VK_Application_SwiftUI;
			productReference = 46B2F7AA2789AA1F00F9CD59 /* VK_Application_SwiftUI.app */;
			productType = "com.apple.product-type.application";
		};
/* End PBXNativeTarget section */

/* Begin PBXProject section */
		46B2F7A22789AA1F00F9CD59 /* Project object */ = {
			isa = PBXProject;
			attributes = {
				BuildIndependentTargetsInParallel = 1;
				LastSwiftUpdateCheck = 1320;
				LastUpgradeCheck = 1320;
				TargetAttributes = {
					46B2F7A92789AA1F00F9CD59 = {
						CreatedOnToolsVersion = 13.2.1;
					};
				};
			};
			buildConfigurationList = 46B2F7A52789AA1F00F9CD59 /* Build configuration list for PBXProject "VK_Application_SwiftUI" */;
			compatibilityVersion = "Xcode 13.0";
			developmentRegion = en;
			hasScannedForEncodings = 0;
			knownRegions = (
				en,
				Base,
			);
			mainGroup = 46B2F7A12789AA1F00F9CD59;
			productRefGroup = 46B2F7AB2789AA1F00F9CD59 /* Products */;
			projectDirPath = "";
			projectRoot = "";
			targets = (
				46B2F7A92789AA1F00F9CD59 /* VK_Application_SwiftUI */,
			);
		};
/* End PBXProject section */

/* Begin PBXResourcesBuildPhase section */
		46B2F7A82789AA1F00F9CD59 /* Resources */ = {
			isa = PBXResourcesBuildPhase;
			buildActionMask = 2147483647;
			files = (
				46B2F7B52789AA2100F9CD59 /* Preview Assets.xcassets in Resources */,
				46B2F7B22789AA2100F9CD59 /* Assets.xcassets in Resources */,
			);
			runOnlyForDeploymentPostprocessing = 0;
		};
/* End PBXResourcesBuildPhase section */

/* Begin PBXSourcesBuildPhase section */
		46B2F7A62789AA1F00F9CD59 /* Sources */ = {
			isa = PBXSourcesBuildPhase;
			buildActionMask = 2147483647;
			files = (
				46857C3527948B04000394A7 /* FriendCellPrototypeView.swift in Sources */,
				46857C372794993D000394A7 /* GroupsCellPrototypeView.swift in Sources */,
				46B2F7B02789AA1F00F9CD59 /* LoginView.swift in Sources */,
				46B2F7AE2789AA1F00F9CD59 /* VK_Application_SwiftUIApp.swift in Sources */,
				46857C3B2794A2EA000394A7 /* CircleImageShadow.swift in Sources */,
			);
			runOnlyForDeploymentPostprocessing = 0;
		};
/* End PBXSourcesBuildPhase section */

/* Begin XCBuildConfiguration section */
		46B2F7B62789AA2100F9CD59 /* Debug */ = {
			isa = XCBuildConfiguration;
			buildSettings = {
				ALWAYS_SEARCH_USER_PATHS = NO;
				CLANG_ANALYZER_NONNULL = YES;
				CLANG_ANALYZER_NUMBER_OBJECT_CONVERSION = YES_AGGRESSIVE;
				CLANG_CXX_LANGUAGE_STANDARD = "gnu++17";
				CLANG_CXX_LIBRARY = "libc++";
				CLANG_ENABLE_MODULES = YES;
				CLANG_ENABLE_OBJC_ARC = YES;
				CLANG_ENABLE_OBJC_WEAK = YES;
				CLANG_WARN_BLOCK_CAPTURE_AUTORELEASING = YES;
				CLANG_WARN_BOOL_CONVERSION = YES;
				CLANG_WARN_COMMA = YES;
				CLANG_WARN_CONSTANT_CONVERSION = YES;
				CLANG_WARN_DEPRECATED_OBJC_IMPLEMENTATIONS = YES;
				CLANG_WARN_DIRECT_OBJC_ISA_USAGE = YES_ERROR;
				CLANG_WARN_DOCUMENTATION_COMMENTS = YES;
				CLANG_WARN_EMPTY_BODY = YES;
				CLANG_WARN_ENUM_CONVERSION = YES;
				CLANG_WARN_INFINITE_RECURSION = YES;
				CLANG_WARN_INT_CONVERSION = YES;
				CLANG_WARN_NON_LITERAL_NULL_CONVERSION = YES;
				CLANG_WARN_OBJC_IMPLICIT_RETAIN_SELF = YES;
				CLANG_WARN_OBJC_LITERAL_CONVERSION = YES;
				CLANG_WARN_OBJC_ROOT_CLASS = YES_ERROR;
				CLANG_WARN_QUOTED_INCLUDE_IN_FRAMEWORK_HEADER = YES;
				CLANG_WARN_RANGE_LOOP_ANALYSIS = YES;
				CLANG_WARN_STRICT_PROTOTYPES = YES;
				CLANG_WARN_SUSPICIOUS_MOVE = YES;
				CLANG_WARN_UNGUARDED_AVAILABILITY = YES_AGGRESSIVE;
				CLANG_WARN_UNREACHABLE_CODE = YES;
				CLANG_WARN__DUPLICATE_METHOD_MATCH = YES;
				COPY_PHASE_STRIP = NO;
				DEBUG_INFORMATION_FORMAT = dwarf;
				ENABLE_STRICT_OBJC_MSGSEND = YES;
				ENABLE_TESTABILITY = YES;
				GCC_C_LANGUAGE_STANDARD = gnu11;
				GCC_DYNAMIC_NO_PIC = NO;
				GCC_NO_COMMON_BLOCKS = YES;
				GCC_OPTIMIZATION_LEVEL = 0;
				GCC_PREPROCESSOR_DEFINITIONS = (
					"DEBUG=1",
					"$(inherited)",
				);
				GCC_WARN_64_TO_32_BIT_CONVERSION = YES;
				GCC_WARN_ABOUT_RETURN_TYPE = YES_ERROR;
				GCC_WARN_UNDECLARED_SELECTOR = YES;
				GCC_WARN_UNINITIALIZED_AUTOS = YES_AGGRESSIVE;
				GCC_WARN_UNUSED_FUNCTION = YES;
				GCC_WARN_UNUSED_VARIABLE = YES;
				IPHONEOS_DEPLOYMENT_TARGET = 15.2;
				MTL_ENABLE_DEBUG_INFO = INCLUDE_SOURCE;
				MTL_FAST_MATH = YES;
				ONLY_ACTIVE_ARCH = YES;
				SDKROOT = iphoneos;
				SWIFT_ACTIVE_COMPILATION_CONDITIONS = DEBUG;
				SWIFT_OPTIMIZATION_LEVEL = "-Onone";
			};
			name = Debug;
		};
		46B2F7B72789AA2100F9CD59 /* Release */ = {
			isa = XCBuildConfiguration;
			buildSettings = {
				ALWAYS_SEARCH_USER_PATHS = NO;
				CLANG_ANALYZER_NONNULL = YES;
				CLANG_ANALYZER_NUMBER_OBJECT_CONVERSION = YES_AGGRESSIVE;
				CLANG_CXX_LANGUAGE_STANDARD = "gnu++17";
				CLANG_CXX_LIBRARY = "libc++";
				CLANG_ENABLE_MODULES = YES;
				CLANG_ENABLE_OBJC_ARC = YES;
				CLANG_ENABLE_OBJC_WEAK = YES;
				CLANG_WARN_BLOCK_CAPTURE_AUTORELEASING = YES;
				CLANG_WARN_BOOL_CONVERSION = YES;
				CLANG_WARN_COMMA = YES;
				CLANG_WARN_CONSTANT_CONVERSION = YES;
				CLANG_WARN_DEPRECATED_OBJC_IMPLEMENTATIONS = YES;
				CLANG_WARN_DIRECT_OBJC_ISA_USAGE = YES_ERROR;
				CLANG_WARN_DOCUMENTATION_COMMENTS = YES;
				CLANG_WARN_EMPTY_BODY = YES;
				CLANG_WARN_ENUM_CONVERSION = YES;
				CLANG_WARN_INFINITE_RECURSION = YES;
				CLANG_WARN_INT_CONVERSION = YES;
				CLANG_WARN_NON_LITERAL_NULL_CONVERSION = YES;
				CLANG_WARN_OBJC_IMPLICIT_RETAIN_SELF = YES;
				CLANG_WARN_OBJC_LITERAL_CONVERSION = YES;
				CLANG_WARN_OBJC_ROOT_CLASS = YES_ERROR;
				CLANG_WARN_QUOTED_INCLUDE_IN_FRAMEWORK_HEADER = YES;
				CLANG_WARN_RANGE_LOOP_ANALYSIS = YES;
				CLANG_WARN_STRICT_PROTOTYPES = YES;
				CLANG_WARN_SUSPICIOUS_MOVE = YES;
				CLANG_WARN_UNGUARDED_AVAILABILITY = YES_AGGRESSIVE;
				CLANG_WARN_UNREACHABLE_CODE = YES;
				CLANG_WARN__DUPLICATE_METHOD_MATCH = YES;
				COPY_PHASE_STRIP = NO;
				DEBUG_INFORMATION_FORMAT = "dwarf-with-dsym";
				ENABLE_NS_ASSERTIONS = NO;
				ENABLE_STRICT_OBJC_MSGSEND = YES;
				GCC_C_LANGUAGE_STANDARD = gnu11;
				GCC_NO_COMMON_BLOCKS = YES;
				GCC_WARN_64_TO_32_BIT_CONVERSION = YES;
				GCC_WARN_ABOUT_RETURN_TYPE = YES_ERROR;
				GCC_WARN_UNDECLARED_SELECTOR = YES;
				GCC_WARN_UNINITIALIZED_AUTOS = YES_AGGRESSIVE;
				GCC_WARN_UNUSED_FUNCTION = YES;
				GCC_WARN_UNUSED_VARIABLE = YES;
				IPHONEOS_DEPLOYMENT_TARGET = 15.2;
				MTL_ENABLE_DEBUG_INFO = NO;
				MTL_FAST_MATH = YES;
				SDKROOT = iphoneos;
				SWIFT_COMPILATION_MODE = wholemodule;
				SWIFT_OPTIMIZATION_LEVEL = "-O";
				VALIDATE_PRODUCT = YES;
			};
			name = Release;
		};
		46B2F7B92789AA2100F9CD59 /* Debug */ = {
			isa = XCBuildConfiguration;
			buildSettings = {
				ASSETCATALOG_COMPILER_APPICON_NAME = AppIcon;
				ASSETCATALOG_COMPILER_GLOBAL_ACCENT_COLOR_NAME = AccentColor;
				CODE_SIGN_STYLE = Automatic;
				CURRENT_PROJECT_VERSION = 1;
				DEVELOPMENT_ASSET_PATHS = "\"VK_Application_SwiftUI/Preview Content\"";
				DEVELOPMENT_TEAM = 68DGCYQ83R;
				ENABLE_PREVIEWS = YES;
				GENERATE_INFOPLIST_FILE = YES;
				INFOPLIST_KEY_UIApplicationSceneManifest_Generation = YES;
				INFOPLIST_KEY_UIApplicationSupportsIndirectInputEvents = YES;
				INFOPLIST_KEY_UILaunchScreen_Generation = YES;
				INFOPLIST_KEY_UISupportedInterfaceOrientations_iPad = "UIInterfaceOrientationPortrait UIInterfaceOrientationPortraitUpsideDown UIInterfaceOrientationLandscapeLeft UIInterfaceOrientationLandscapeRight";
				INFOPLIST_KEY_UISupportedInterfaceOrientations_iPhone = "UIInterfaceOrientationPortrait UIInterfaceOrientationLandscapeLeft UIInterfaceOrientationLandscapeRight";
				LD_RUNPATH_SEARCH_PATHS = (
					"$(inherited)",
					"@executable_path/Frameworks",
				);
				MARKETING_VERSION = 1.0;
				PRODUCT_BUNDLE_IDENTIFIER = "student.VK-Application-SwiftUI";
				PRODUCT_NAME = "$(TARGET_NAME)";
				SWIFT_EMIT_LOC_STRINGS = YES;
				SWIFT_VERSION = 5.0;
				TARGETED_DEVICE_FAMILY = "1,2";
			};
			name = Debug;
		};
		46B2F7BA2789AA2100F9CD59 /* Release */ = {
			isa = XCBuildConfiguration;
			buildSettings = {
				ASSETCATALOG_COMPILER_APPICON_NAME = AppIcon;
				ASSETCATALOG_COMPILER_GLOBAL_ACCENT_COLOR_NAME = AccentColor;
				CODE_SIGN_STYLE = Automatic;
				CURRENT_PROJECT_VERSION = 1;
				DEVELOPMENT_ASSET_PATHS = "\"VK_Application_SwiftUI/Preview Content\"";
				DEVELOPMENT_TEAM = 68DGCYQ83R;
				ENABLE_PREVIEWS = YES;
				GENERATE_INFOPLIST_FILE = YES;
				INFOPLIST_KEY_UIApplicationSceneManifest_Generation = YES;
				INFOPLIST_KEY_UIApplicationSupportsIndirectInputEvents = YES;
				INFOPLIST_KEY_UILaunchScreen_Generation = YES;
				INFOPLIST_KEY_UISupportedInterfaceOrientations_iPad = "UIInterfaceOrientationPortrait UIInterfaceOrientationPortraitUpsideDown UIInterfaceOrientationLandscapeLeft UIInterfaceOrientationLandscapeRight";
				INFOPLIST_KEY_UISupportedInterfaceOrientations_iPhone = "UIInterfaceOrientationPortrait UIInterfaceOrientationLandscapeLeft UIInterfaceOrientationLandscapeRight";
				LD_RUNPATH_SEARCH_PATHS = (
					"$(inherited)",
					"@executable_path/Frameworks",
				);
				MARKETING_VERSION = 1.0;
				PRODUCT_BUNDLE_IDENTIFIER = "student.VK-Application-SwiftUI";
				PRODUCT_NAME = "$(TARGET_NAME)";
				SWIFT_EMIT_LOC_STRINGS = YES;
				SWIFT_VERSION = 5.0;
				TARGETED_DEVICE_FAMILY = "1,2";
			};
			name = Release;
		};
/* End XCBuildConfiguration section */

/* Begin XCConfigurationList section */
		46B2F7A52789AA1F00F9CD59 /* Build configuration list for PBXProject "VK_Application_SwiftUI" */ = {
			isa = XCConfigurationList;
			buildConfigurations = (
				46B2F7B62789AA2100F9CD59 /* Debug */,
				46B2F7B72789AA2100F9CD59 /* Release */,
			);
			defaultConfigurationIsVisible = 0;
			defaultConfigurationName = Release;
		};
		46B2F7B82789AA2100F9CD59 /* Build configuration list for PBXNativeTarget "VK_Application_SwiftUI" */ = {
			isa = XCConfigurationList;
			buildConfigurations = (
				46B2F7B92789AA2100F9CD59 /* Debug */,
				46B2F7BA2789AA2100F9CD59 /* Release */,
			);
			defaultConfigurationIsVisible = 0;
			defaultConfigurationName = Release;
		};
/* End XCConfigurationList section */
	};
	rootObject = 46B2F7A22789AA1F00F9CD59 /* Project object */;
}
